// !$*UTF8*$!
{
	archiveVersion = 1;
	classes = {
	};
	objectVersion = 56;
	objects = {

/* Begin PBXBuildFile section */
		3F1E85E02B1B048F0028788F /* client_190361506925-tocopcervptlh2qhenvc4khc1onheso3.apps.googleusercontent.com.plist in Resources */ = {isa = PBXBuildFile; fileRef = 3F1E85DF2B1B048F0028788F /* client_190361506925-tocopcervptlh2qhenvc4khc1onheso3.apps.googleusercontent.com.plist */; };
		3F1E85E22B1CC5820028788F /* BookshelfResponse.swift in Sources */ = {isa = PBXBuildFile; fileRef = 3F1E85E12B1CC5820028788F /* BookshelfResponse.swift */; };
		3F1E85E42B1F1B560028788F /* SignInViewController.swift in Sources */ = {isa = PBXBuildFile; fileRef = 3F1E85E32B1F1B560028788F /* SignInViewController.swift */; };
		3F1E85E62B1F276A0028788F /* AuthService.swift in Sources */ = {isa = PBXBuildFile; fileRef = 3F1E85E52B1F276A0028788F /* AuthService.swift */; };
		3F6CC61F2B08F8D500CD3AD2 /* AppDelegate.swift in Sources */ = {isa = PBXBuildFile; fileRef = 3F6CC61E2B08F8D500CD3AD2 /* AppDelegate.swift */; };
		3F6CC6212B08F8D500CD3AD2 /* SceneDelegate.swift in Sources */ = {isa = PBXBuildFile; fileRef = 3F6CC6202B08F8D500CD3AD2 /* SceneDelegate.swift */; };
		3F6CC6282B08F8D800CD3AD2 /* Assets.xcassets in Resources */ = {isa = PBXBuildFile; fileRef = 3F6CC6272B08F8D800CD3AD2 /* Assets.xcassets */; };
		3F6CC62B2B08F8D800CD3AD2 /* LaunchScreen.storyboard in Resources */ = {isa = PBXBuildFile; fileRef = 3F6CC6292B08F8D800CD3AD2 /* LaunchScreen.storyboard */; };
		3F6CC6332B08FA3000CD3AD2 /* BookTabViewController.swift in Sources */ = {isa = PBXBuildFile; fileRef = 3F6CC6322B08FA3000CD3AD2 /* BookTabViewController.swift */; };
		3F6CC6352B08FA7400CD3AD2 /* ExploreViewController.swift in Sources */ = {isa = PBXBuildFile; fileRef = 3F6CC6342B08FA7400CD3AD2 /* ExploreViewController.swift */; };
		3F6CC6392B08FAD900CD3AD2 /* GoogleBooksAPIResponse.swift in Sources */ = {isa = PBXBuildFile; fileRef = 3F6CC6382B08FAD900CD3AD2 /* GoogleBooksAPIResponse.swift */; };
		3F6CC63B2B08FAEE00CD3AD2 /* APICallers.swift in Sources */ = {isa = PBXBuildFile; fileRef = 3F6CC63A2B08FAEE00CD3AD2 /* APICallers.swift */; };
		3F6CC63D2B08FC9400CD3AD2 /* SearchTableViewCell.swift in Sources */ = {isa = PBXBuildFile; fileRef = 3F6CC63C2B08FC9400CD3AD2 /* SearchTableViewCell.swift */; };
		3F6CC6432B09309B00CD3AD2 /* TrendingCollectionViewCell.swift in Sources */ = {isa = PBXBuildFile; fileRef = 3F6CC6422B09309B00CD3AD2 /* TrendingCollectionViewCell.swift */; };
		3F6CC6452B0930AF00CD3AD2 /* TitleHeaderCollectionReusableView.swift in Sources */ = {isa = PBXBuildFile; fileRef = 3F6CC6442B0930AF00CD3AD2 /* TitleHeaderCollectionReusableView.swift */; };
		3F6CC6472B0930BE00CD3AD2 /* ClassicCollectionViewCell.swift in Sources */ = {isa = PBXBuildFile; fileRef = 3F6CC6462B0930BE00CD3AD2 /* ClassicCollectionViewCell.swift */; };
		3F6CC6492B0930C600CD3AD2 /* RomanceCollectionViewCell.swift in Sources */ = {isa = PBXBuildFile; fileRef = 3F6CC6482B0930C600CD3AD2 /* RomanceCollectionViewCell.swift */; };
		3F6CC64B2B0930CF00CD3AD2 /* ThrillersCollectionViewCell.swift in Sources */ = {isa = PBXBuildFile; fileRef = 3F6CC64A2B0930CF00CD3AD2 /* ThrillersCollectionViewCell.swift */; };
		3F6CC64D2B0930DC00CD3AD2 /* TextBooksCollectionViewCell.swift in Sources */ = {isa = PBXBuildFile; fileRef = 3F6CC64C2B0930DC00CD3AD2 /* TextBooksCollectionViewCell.swift */; };
		3F6CC64F2B0930E900CD3AD2 /* KidsCollectionViewCell.swift in Sources */ = {isa = PBXBuildFile; fileRef = 3F6CC64E2B0930E900CD3AD2 /* KidsCollectionViewCell.swift */; };
		3F6CC6512B0949F300CD3AD2 /* SearchViewController.swift in Sources */ = {isa = PBXBuildFile; fileRef = 3F6CC6502B0949F300CD3AD2 /* SearchViewController.swift */; };
		3F6EC8BF2B176567002AFA76 /* BookMarkViewController.swift in Sources */ = {isa = PBXBuildFile; fileRef = 3F6EC8BE2B176567002AFA76 /* BookMarkViewController.swift */; };
		3F6EC8C32B19D5A1002AFA76 /* MySelfViewController.swift in Sources */ = {isa = PBXBuildFile; fileRef = 3F6EC8C22B19D5A1002AFA76 /* MySelfViewController.swift */; };
		3F7016F42B172F6800137282 /* SettingViewController.swift in Sources */ = {isa = PBXBuildFile; fileRef = 3F7016F32B172F6800137282 /* SettingViewController.swift */; };
		3F7016F62B172F8A00137282 /* UserPreferences.swift in Sources */ = {isa = PBXBuildFile; fileRef = 3F7016F52B172F8A00137282 /* UserPreferences.swift */; };
		3F70AD3B2B20BFD000E5C7BB /* SettingOption.swift in Sources */ = {isa = PBXBuildFile; fileRef = 3F70AD3A2B20BFD000E5C7BB /* SettingOption.swift */; };
		3F70AD3D2B20C80E00E5C7BB /* SettingCellViewModel.swift in Sources */ = {isa = PBXBuildFile; fileRef = 3F70AD3C2B20C80E00E5C7BB /* SettingCellViewModel.swift */; };
		3F70AD3F2B20C9DD00E5C7BB /* SettingViewViewModel.swift in Sources */ = {isa = PBXBuildFile; fileRef = 3F70AD3E2B20C9DD00E5C7BB /* SettingViewViewModel.swift */; };
		3F70AD412B20CC7E00E5C7BB /* SettingsView.swift in Sources */ = {isa = PBXBuildFile; fileRef = 3F70AD402B20CC7E00E5C7BB /* SettingsView.swift */; };
		3F71B4582B15C376006E5EAC /* ProfileViewController.swift in Sources */ = {isa = PBXBuildFile; fileRef = 3F71B4572B15C376006E5EAC /* ProfileViewController.swift */; };
		3F71B45C2B160BBE006E5EAC /* User.swift in Sources */ = {isa = PBXBuildFile; fileRef = 3F71B45B2B160BBE006E5EAC /* User.swift */; };
		3F71B45E2B161095006E5EAC /* UserContent.swift in Sources */ = {isa = PBXBuildFile; fileRef = 3F71B45D2B161095006E5EAC /* UserContent.swift */; };
		3F79E2842B0DF50A00904EF0 /* ExploreDetailViewController.swift in Sources */ = {isa = PBXBuildFile; fileRef = 3F79E2832B0DF50900904EF0 /* ExploreDetailViewController.swift */; };
		3F79E2862B0E0AFB00904EF0 /* ExploreCollectionViewCell.swift in Sources */ = {isa = PBXBuildFile; fileRef = 3F79E2852B0E0AFB00904EF0 /* ExploreCollectionViewCell.swift */; };
		836419F91918DC9207872E70 /* Pods_MyLibrary.framework in Frameworks */ = {isa = PBXBuildFile; fileRef = 3FB12CF56F2CE538115E2A55 /* Pods_MyLibrary.framework */; };
/* End PBXBuildFile section */

/* Begin PBXFileReference section */
		3F1A349F2B1A059100941C0A /* GoogleSignIn.framework */ = {isa = PBXFileReference; explicitFileType = wrapper.framework; path = GoogleSignIn.framework; sourceTree = BUILT_PRODUCTS_DIR; };
		3F1E85DF2B1B048F0028788F /* client_190361506925-tocopcervptlh2qhenvc4khc1onheso3.apps.googleusercontent.com.plist */ = {isa = PBXFileReference; fileEncoding = 4; lastKnownFileType = text.plist.xml; path = "client_190361506925-tocopcervptlh2qhenvc4khc1onheso3.apps.googleusercontent.com.plist"; sourceTree = "<group>"; };
		3F1E85E12B1CC5820028788F /* BookshelfResponse.swift */ = {isa = PBXFileReference; lastKnownFileType = sourcecode.swift; path = BookshelfResponse.swift; sourceTree = "<group>"; };
		3F1E85E32B1F1B560028788F /* SignInViewController.swift */ = {isa = PBXFileReference; lastKnownFileType = sourcecode.swift; path = SignInViewController.swift; sourceTree = "<group>"; };
		3F1E85E52B1F276A0028788F /* AuthService.swift */ = {isa = PBXFileReference; lastKnownFileType = sourcecode.swift; path = AuthService.swift; sourceTree = "<group>"; };
		3F6CC61B2B08F8D500CD3AD2 /* MyLibrary.app */ = {isa = PBXFileReference; explicitFileType = wrapper.application; includeInIndex = 0; path = MyLibrary.app; sourceTree = BUILT_PRODUCTS_DIR; };
		3F6CC61E2B08F8D500CD3AD2 /* AppDelegate.swift */ = {isa = PBXFileReference; lastKnownFileType = sourcecode.swift; path = AppDelegate.swift; sourceTree = "<group>"; };
		3F6CC6202B08F8D500CD3AD2 /* SceneDelegate.swift */ = {isa = PBXFileReference; lastKnownFileType = sourcecode.swift; path = SceneDelegate.swift; sourceTree = "<group>"; };
		3F6CC6272B08F8D800CD3AD2 /* Assets.xcassets */ = {isa = PBXFileReference; lastKnownFileType = folder.assetcatalog; path = Assets.xcassets; sourceTree = "<group>"; };
		3F6CC62A2B08F8D800CD3AD2 /* Base */ = {isa = PBXFileReference; lastKnownFileType = file.storyboard; name = Base; path = Base.lproj/LaunchScreen.storyboard; sourceTree = "<group>"; };
		3F6CC62C2B08F8D800CD3AD2 /* Info.plist */ = {isa = PBXFileReference; lastKnownFileType = text.plist.xml; path = Info.plist; sourceTree = "<group>"; };
		3F6CC6322B08FA3000CD3AD2 /* BookTabViewController.swift */ = {isa = PBXFileReference; fileEncoding = 4; lastKnownFileType = sourcecode.swift; path = BookTabViewController.swift; sourceTree = "<group>"; };
		3F6CC6342B08FA7400CD3AD2 /* ExploreViewController.swift */ = {isa = PBXFileReference; lastKnownFileType = sourcecode.swift; path = ExploreViewController.swift; sourceTree = "<group>"; };
		3F6CC6382B08FAD900CD3AD2 /* GoogleBooksAPIResponse.swift */ = {isa = PBXFileReference; fileEncoding = 4; lastKnownFileType = sourcecode.swift; path = GoogleBooksAPIResponse.swift; sourceTree = "<group>"; };
		3F6CC63A2B08FAEE00CD3AD2 /* APICallers.swift */ = {isa = PBXFileReference; fileEncoding = 4; lastKnownFileType = sourcecode.swift; path = APICallers.swift; sourceTree = "<group>"; };
		3F6CC63C2B08FC9400CD3AD2 /* SearchTableViewCell.swift */ = {isa = PBXFileReference; fileEncoding = 4; lastKnownFileType = sourcecode.swift; path = SearchTableViewCell.swift; sourceTree = "<group>"; };
		3F6CC6422B09309B00CD3AD2 /* TrendingCollectionViewCell.swift */ = {isa = PBXFileReference; fileEncoding = 4; lastKnownFileType = sourcecode.swift; path = TrendingCollectionViewCell.swift; sourceTree = "<group>"; };
		3F6CC6442B0930AF00CD3AD2 /* TitleHeaderCollectionReusableView.swift */ = {isa = PBXFileReference; fileEncoding = 4; lastKnownFileType = sourcecode.swift; path = TitleHeaderCollectionReusableView.swift; sourceTree = "<group>"; };
		3F6CC6462B0930BE00CD3AD2 /* ClassicCollectionViewCell.swift */ = {isa = PBXFileReference; fileEncoding = 4; lastKnownFileType = sourcecode.swift; path = ClassicCollectionViewCell.swift; sourceTree = "<group>"; };
		3F6CC6482B0930C600CD3AD2 /* RomanceCollectionViewCell.swift */ = {isa = PBXFileReference; fileEncoding = 4; lastKnownFileType = sourcecode.swift; path = RomanceCollectionViewCell.swift; sourceTree = "<group>"; };
		3F6CC64A2B0930CF00CD3AD2 /* ThrillersCollectionViewCell.swift */ = {isa = PBXFileReference; fileEncoding = 4; lastKnownFileType = sourcecode.swift; path = ThrillersCollectionViewCell.swift; sourceTree = "<group>"; };
		3F6CC64C2B0930DC00CD3AD2 /* TextBooksCollectionViewCell.swift */ = {isa = PBXFileReference; fileEncoding = 4; lastKnownFileType = sourcecode.swift; path = TextBooksCollectionViewCell.swift; sourceTree = "<group>"; };
		3F6CC64E2B0930E900CD3AD2 /* KidsCollectionViewCell.swift */ = {isa = PBXFileReference; fileEncoding = 4; lastKnownFileType = sourcecode.swift; path = KidsCollectionViewCell.swift; sourceTree = "<group>"; };
		3F6CC6502B0949F300CD3AD2 /* SearchViewController.swift */ = {isa = PBXFileReference; fileEncoding = 4; lastKnownFileType = sourcecode.swift; path = SearchViewController.swift; sourceTree = "<group>"; };
		3F6EC8BE2B176567002AFA76 /* BookMarkViewController.swift */ = {isa = PBXFileReference; lastKnownFileType = sourcecode.swift; path = BookMarkViewController.swift; sourceTree = "<group>"; };
		3F6EC8C22B19D5A1002AFA76 /* MySelfViewController.swift */ = {isa = PBXFileReference; lastKnownFileType = sourcecode.swift; path = MySelfViewController.swift; sourceTree = "<group>"; };
		3F7016F32B172F6800137282 /* SettingViewController.swift */ = {isa = PBXFileReference; lastKnownFileType = sourcecode.swift; path = SettingViewController.swift; sourceTree = "<group>"; };
		3F7016F52B172F8A00137282 /* UserPreferences.swift */ = {isa = PBXFileReference; lastKnownFileType = sourcecode.swift; path = UserPreferences.swift; sourceTree = "<group>"; };
		3F70AD3A2B20BFD000E5C7BB /* SettingOption.swift */ = {isa = PBXFileReference; lastKnownFileType = sourcecode.swift; path = SettingOption.swift; sourceTree = "<group>"; };
		3F70AD3C2B20C80E00E5C7BB /* SettingCellViewModel.swift */ = {isa = PBXFileReference; lastKnownFileType = sourcecode.swift; path = SettingCellViewModel.swift; sourceTree = "<group>"; };
		3F70AD3E2B20C9DD00E5C7BB /* SettingViewViewModel.swift */ = {isa = PBXFileReference; lastKnownFileType = sourcecode.swift; path = SettingViewViewModel.swift; sourceTree = "<group>"; };
		3F70AD402B20CC7E00E5C7BB /* SettingsView.swift */ = {isa = PBXFileReference; lastKnownFileType = sourcecode.swift; path = SettingsView.swift; sourceTree = "<group>"; };
		3F71B4572B15C376006E5EAC /* ProfileViewController.swift */ = {isa = PBXFileReference; lastKnownFileType = sourcecode.swift; path = ProfileViewController.swift; sourceTree = "<group>"; };
		3F71B45B2B160BBE006E5EAC /* User.swift */ = {isa = PBXFileReference; lastKnownFileType = sourcecode.swift; path = User.swift; sourceTree = "<group>"; };
		3F71B45D2B161095006E5EAC /* UserContent.swift */ = {isa = PBXFileReference; lastKnownFileType = sourcecode.swift; path = UserContent.swift; sourceTree = "<group>"; };
		3F79E2832B0DF50900904EF0 /* ExploreDetailViewController.swift */ = {isa = PBXFileReference; lastKnownFileType = sourcecode.swift; path = ExploreDetailViewController.swift; sourceTree = "<group>"; };
		3F79E2852B0E0AFB00904EF0 /* ExploreCollectionViewCell.swift */ = {isa = PBXFileReference; lastKnownFileType = sourcecode.swift; path = ExploreCollectionViewCell.swift; sourceTree = "<group>"; };
		3FB12CF56F2CE538115E2A55 /* Pods_MyLibrary.framework */ = {isa = PBXFileReference; explicitFileType = wrapper.framework; includeInIndex = 0; path = Pods_MyLibrary.framework; sourceTree = BUILT_PRODUCTS_DIR; };
		CF5DC22822E8E7191446661F /* Pods-MyLibrary.release.xcconfig */ = {isa = PBXFileReference; includeInIndex = 1; lastKnownFileType = text.xcconfig; name = "Pods-MyLibrary.release.xcconfig"; path = "Target Support Files/Pods-MyLibrary/Pods-MyLibrary.release.xcconfig"; sourceTree = "<group>"; };
		D42250FDA423D45D174FC1C3 /* Pods-MyLibrary.debug.xcconfig */ = {isa = PBXFileReference; includeInIndex = 1; lastKnownFileType = text.xcconfig; name = "Pods-MyLibrary.debug.xcconfig"; path = "Target Support Files/Pods-MyLibrary/Pods-MyLibrary.debug.xcconfig"; sourceTree = "<group>"; };
/* End PBXFileReference section */

/* Begin PBXFrameworksBuildPhase section */
		3F6CC6182B08F8D500CD3AD2 /* Frameworks */ = {
			isa = PBXFrameworksBuildPhase;
			buildActionMask = 2147483647;
			files = (
				836419F91918DC9207872E70 /* Pods_MyLibrary.framework in Frameworks */,
			);
			runOnlyForDeploymentPostprocessing = 0;
		};
/* End PBXFrameworksBuildPhase section */

/* Begin PBXGroup section */
		3F6CC6122B08F8D400CD3AD2 = {
			isa = PBXGroup;
			children = (
				3F6CC61D2B08F8D500CD3AD2 /* MyLibrary */,
				3F6CC61C2B08F8D500CD3AD2 /* Products */,
				BD80233C661AC44AA41C4FE2 /* Pods */,
				BA7716289A7FE95411931318 /* Frameworks */,
			);
			sourceTree = "<group>";
		};
		3F6CC61C2B08F8D500CD3AD2 /* Products */ = {
			isa = PBXGroup;
			children = (
				3F6CC61B2B08F8D500CD3AD2 /* MyLibrary.app */,
			);
			name = Products;
			sourceTree = "<group>";
		};
		3F6CC61D2B08F8D500CD3AD2 /* MyLibrary */ = {
			isa = PBXGroup;
			children = (
				3F6CC6402B09301E00CD3AD2 /* ViewModel */,
				3F6CC63F2B09301300CD3AD2 /* View */,
				3F6CC63E2B09300000CD3AD2 /* Model */,
				3F6CC61E2B08F8D500CD3AD2 /* AppDelegate.swift */,
				3F6CC6202B08F8D500CD3AD2 /* SceneDelegate.swift */,
				3F6CC6272B08F8D800CD3AD2 /* Assets.xcassets */,
				3F6CC6292B08F8D800CD3AD2 /* LaunchScreen.storyboard */,
				3F1E85DF2B1B048F0028788F /* client_190361506925-tocopcervptlh2qhenvc4khc1onheso3.apps.googleusercontent.com.plist */,
				3F6CC62C2B08F8D800CD3AD2 /* Info.plist */,
			);
			path = MyLibrary;
			sourceTree = "<group>";
		};
		3F6CC63E2B09300000CD3AD2 /* Model */ = {
			isa = PBXGroup;
			children = (
				3F6CC6382B08FAD900CD3AD2 /* GoogleBooksAPIResponse.swift */,
				3F6CC63A2B08FAEE00CD3AD2 /* APICallers.swift */,
				3F71B45B2B160BBE006E5EAC /* User.swift */,
				3F71B45D2B161095006E5EAC /* UserContent.swift */,
				3F7016F52B172F8A00137282 /* UserPreferences.swift */,
				3F1E85E12B1CC5820028788F /* BookshelfResponse.swift */,
				3F1E85E52B1F276A0028788F /* AuthService.swift */,
				3F70AD3A2B20BFD000E5C7BB /* SettingOption.swift */,
			);
			path = Model;
			sourceTree = "<group>";
		};
		3F6CC63F2B09301300CD3AD2 /* View */ = {
			isa = PBXGroup;
			children = (
				3F6CC6412B09306100CD3AD2 /* Controller */,
				3F70AD402B20CC7E00E5C7BB /* SettingsView.swift */,
			);
			path = View;
			sourceTree = "<group>";
		};
		3F6CC6402B09301E00CD3AD2 /* ViewModel */ = {
			isa = PBXGroup;
			children = (
				3F6CC63C2B08FC9400CD3AD2 /* SearchTableViewCell.swift */,
				3F6CC6422B09309B00CD3AD2 /* TrendingCollectionViewCell.swift */,
				3F6CC6442B0930AF00CD3AD2 /* TitleHeaderCollectionReusableView.swift */,
				3F6CC6462B0930BE00CD3AD2 /* ClassicCollectionViewCell.swift */,
				3F6CC6482B0930C600CD3AD2 /* RomanceCollectionViewCell.swift */,
				3F6CC64C2B0930DC00CD3AD2 /* TextBooksCollectionViewCell.swift */,
				3F6CC64A2B0930CF00CD3AD2 /* ThrillersCollectionViewCell.swift */,
				3F6CC64E2B0930E900CD3AD2 /* KidsCollectionViewCell.swift */,
				3F79E2852B0E0AFB00904EF0 /* ExploreCollectionViewCell.swift */,
				3F70AD3C2B20C80E00E5C7BB /* SettingCellViewModel.swift */,
				3F70AD3E2B20C9DD00E5C7BB /* SettingViewViewModel.swift */,
			);
			path = ViewModel;
			sourceTree = "<group>";
		};
		3F6CC6412B09306100CD3AD2 /* Controller */ = {
			isa = PBXGroup;
			children = (
				3F6CC6322B08FA3000CD3AD2 /* BookTabViewController.swift */,
				3F6CC6342B08FA7400CD3AD2 /* ExploreViewController.swift */,
				3F6CC6502B0949F300CD3AD2 /* SearchViewController.swift */,
				3F79E2832B0DF50900904EF0 /* ExploreDetailViewController.swift */,
				3F71B4572B15C376006E5EAC /* ProfileViewController.swift */,
				3F7016F32B172F6800137282 /* SettingViewController.swift */,
				3F6EC8BE2B176567002AFA76 /* BookMarkViewController.swift */,
				3F6EC8C22B19D5A1002AFA76 /* MySelfViewController.swift */,
				3F1E85E32B1F1B560028788F /* SignInViewController.swift */,
			);
			path = Controller;
			sourceTree = "<group>";
		};
		BA7716289A7FE95411931318 /* Frameworks */ = {
			isa = PBXGroup;
			children = (
				3F1A349F2B1A059100941C0A /* GoogleSignIn.framework */,
				3FB12CF56F2CE538115E2A55 /* Pods_MyLibrary.framework */,
			);
			name = Frameworks;
			sourceTree = "<group>";
		};
		BD80233C661AC44AA41C4FE2 /* Pods */ = {
			isa = PBXGroup;
			children = (
				D42250FDA423D45D174FC1C3 /* Pods-MyLibrary.debug.xcconfig */,
				CF5DC22822E8E7191446661F /* Pods-MyLibrary.release.xcconfig */,
			);
			path = Pods;
			sourceTree = "<group>";
		};
/* End PBXGroup section */

/* Begin PBXNativeTarget section */
		3F6CC61A2B08F8D500CD3AD2 /* MyLibrary */ = {
			isa = PBXNativeTarget;
			buildConfigurationList = 3F6CC62F2B08F8D800CD3AD2 /* Build configuration list for PBXNativeTarget "MyLibrary" */;
			buildPhases = (
				B42918D80E098F932A03254D /* [CP] Check Pods Manifest.lock */,
				3F6CC6172B08F8D500CD3AD2 /* Sources */,
				3F6CC6182B08F8D500CD3AD2 /* Frameworks */,
				3F6CC6192B08F8D500CD3AD2 /* Resources */,
				021CE2889910EEDC15CD12E6 /* [CP] Embed Pods Frameworks */,
				60B2F3F3606065B3D1ADA425 /* [CP] Copy Pods Resources */,
			);
			buildRules = (
			);
			dependencies = (
			);
			name = MyLibrary;
			productName = MyLibrary;
			productReference = 3F6CC61B2B08F8D500CD3AD2 /* MyLibrary.app */;
			productType = "com.apple.product-type.application";
		};
/* End PBXNativeTarget section */

/* Begin PBXProject section */
		3F6CC6132B08F8D400CD3AD2 /* Project object */ = {
			isa = PBXProject;
			attributes = {
				BuildIndependentTargetsInParallel = 1;
				LastSwiftUpdateCheck = 1420;
				LastUpgradeCheck = 1420;
				TargetAttributes = {
					3F6CC61A2B08F8D500CD3AD2 = {
						CreatedOnToolsVersion = 14.2;
					};
				};
			};
			buildConfigurationList = 3F6CC6162B08F8D400CD3AD2 /* Build configuration list for PBXProject "MyLibrary" */;
			compatibilityVersion = "Xcode 14.0";
			developmentRegion = en;
			hasScannedForEncodings = 0;
			knownRegions = (
				en,
				Base,
			);
			mainGroup = 3F6CC6122B08F8D400CD3AD2;
			productRefGroup = 3F6CC61C2B08F8D500CD3AD2 /* Products */;
			projectDirPath = "";
			projectRoot = "";
			targets = (
				3F6CC61A2B08F8D500CD3AD2 /* MyLibrary */,
			);
		};
/* End PBXProject section */

/* Begin PBXResourcesBuildPhase section */
		3F6CC6192B08F8D500CD3AD2 /* Resources */ = {
			isa = PBXResourcesBuildPhase;
			buildActionMask = 2147483647;
			files = (
				3F6CC62B2B08F8D800CD3AD2 /* LaunchScreen.storyboard in Resources */,
				3F1E85E02B1B048F0028788F /* client_190361506925-tocopcervptlh2qhenvc4khc1onheso3.apps.googleusercontent.com.plist in Resources */,
				3F6CC6282B08F8D800CD3AD2 /* Assets.xcassets in Resources */,
			);
			runOnlyForDeploymentPostprocessing = 0;
		};
/* End PBXResourcesBuildPhase section */

/* Begin PBXShellScriptBuildPhase section */
		021CE2889910EEDC15CD12E6 /* [CP] Embed Pods Frameworks */ = {
			isa = PBXShellScriptBuildPhase;
			buildActionMask = 2147483647;
			files = (
			);
			inputFileListPaths = (
				"${PODS_ROOT}/Target Support Files/Pods-MyLibrary/Pods-MyLibrary-frameworks-${CONFIGURATION}-input-files.xcfilelist",
			);
			name = "[CP] Embed Pods Frameworks";
			outputFileListPaths = (
				"${PODS_ROOT}/Target Support Files/Pods-MyLibrary/Pods-MyLibrary-frameworks-${CONFIGURATION}-output-files.xcfilelist",
			);
			runOnlyForDeploymentPostprocessing = 0;
			shellPath = /bin/sh;
			shellScript = "\"${PODS_ROOT}/Target Support Files/Pods-MyLibrary/Pods-MyLibrary-frameworks.sh\"\n";
			showEnvVarsInLog = 0;
		};
		60B2F3F3606065B3D1ADA425 /* [CP] Copy Pods Resources */ = {
			isa = PBXShellScriptBuildPhase;
			buildActionMask = 2147483647;
			files = (
			);
			inputFileListPaths = (
				"${PODS_ROOT}/Target Support Files/Pods-MyLibrary/Pods-MyLibrary-resources-${CONFIGURATION}-input-files.xcfilelist",
			);
			name = "[CP] Copy Pods Resources";
			outputFileListPaths = (
				"${PODS_ROOT}/Target Support Files/Pods-MyLibrary/Pods-MyLibrary-resources-${CONFIGURATION}-output-files.xcfilelist",
			);
			runOnlyForDeploymentPostprocessing = 0;
			shellPath = /bin/sh;
			shellScript = "\"${PODS_ROOT}/Target Support Files/Pods-MyLibrary/Pods-MyLibrary-resources.sh\"\n";
			showEnvVarsInLog = 0;
		};
		B42918D80E098F932A03254D /* [CP] Check Pods Manifest.lock */ = {
			isa = PBXShellScriptBuildPhase;
			buildActionMask = 2147483647;
			files = (
			);
			inputFileListPaths = (
			);
			inputPaths = (
				"${PODS_PODFILE_DIR_PATH}/Podfile.lock",
				"${PODS_ROOT}/Manifest.lock",
			);
			name = "[CP] Check Pods Manifest.lock";
			outputFileListPaths = (
			);
			outputPaths = (
				"$(DERIVED_FILE_DIR)/Pods-MyLibrary-checkManifestLockResult.txt",
			);
			runOnlyForDeploymentPostprocessing = 0;
			shellPath = /bin/sh;
			shellScript = "diff \"${PODS_PODFILE_DIR_PATH}/Podfile.lock\" \"${PODS_ROOT}/Manifest.lock\" > /dev/null\nif [ $? != 0 ] ; then\n    # print error to STDERR\n    echo \"error: The sandbox is not in sync with the Podfile.lock. Run 'pod install' or update your CocoaPods installation.\" >&2\n    exit 1\nfi\n# This output is used by Xcode 'outputs' to avoid re-running this script phase.\necho \"SUCCESS\" > \"${SCRIPT_OUTPUT_FILE_0}\"\n";
			showEnvVarsInLog = 0;
		};
/* End PBXShellScriptBuildPhase section */

/* Begin PBXSourcesBuildPhase section */
		3F6CC6172B08F8D500CD3AD2 /* Sources */ = {
			isa = PBXSourcesBuildPhase;
			buildActionMask = 2147483647;
			files = (
				3F6CC61F2B08F8D500CD3AD2 /* AppDelegate.swift in Sources */,
				3F6CC6392B08FAD900CD3AD2 /* GoogleBooksAPIResponse.swift in Sources */,
				3F6CC63B2B08FAEE00CD3AD2 /* APICallers.swift in Sources */,
				3F79E2842B0DF50A00904EF0 /* ExploreDetailViewController.swift in Sources */,
				3F6EC8BF2B176567002AFA76 /* BookMarkViewController.swift in Sources */,
				3F79E2862B0E0AFB00904EF0 /* ExploreCollectionViewCell.swift in Sources */,
				3F70AD3F2B20C9DD00E5C7BB /* SettingViewViewModel.swift in Sources */,
				3F70AD3D2B20C80E00E5C7BB /* SettingCellViewModel.swift in Sources */,
				3F7016F42B172F6800137282 /* SettingViewController.swift in Sources */,
				3F6CC6352B08FA7400CD3AD2 /* ExploreViewController.swift in Sources */,
				3F71B4582B15C376006E5EAC /* ProfileViewController.swift in Sources */,
				3F70AD3B2B20BFD000E5C7BB /* SettingOption.swift in Sources */,
				3F71B45E2B161095006E5EAC /* UserContent.swift in Sources */,
				3F6CC6212B08F8D500CD3AD2 /* SceneDelegate.swift in Sources */,
				3F71B45C2B160BBE006E5EAC /* User.swift in Sources */,
				3F6EC8C32B19D5A1002AFA76 /* MySelfViewController.swift in Sources */,
				3F6CC6432B09309B00CD3AD2 /* TrendingCollectionViewCell.swift in Sources */,
				3F6CC64B2B0930CF00CD3AD2 /* ThrillersCollectionViewCell.swift in Sources */,
				3F6CC6492B0930C600CD3AD2 /* RomanceCollectionViewCell.swift in Sources */,
				3F6CC63D2B08FC9400CD3AD2 /* SearchTableViewCell.swift in Sources */,
				3F6CC6472B0930BE00CD3AD2 /* ClassicCollectionViewCell.swift in Sources */,
				3F1E85E42B1F1B560028788F /* SignInViewController.swift in Sources */,
				3F6CC6512B0949F300CD3AD2 /* SearchViewController.swift in Sources */,
				3F6CC64D2B0930DC00CD3AD2 /* TextBooksCollectionViewCell.swift in Sources */,
				3F1E85E62B1F276A0028788F /* AuthService.swift in Sources */,
				3F6CC6452B0930AF00CD3AD2 /* TitleHeaderCollectionReusableView.swift in Sources */,
				3F6CC6332B08FA3000CD3AD2 /* BookTabViewController.swift in Sources */,
				3F6CC64F2B0930E900CD3AD2 /* KidsCollectionViewCell.swift in Sources */,
				3F1E85E22B1CC5820028788F /* BookshelfResponse.swift in Sources */,
				3F70AD412B20CC7E00E5C7BB /* SettingsView.swift in Sources */,
				3F7016F62B172F8A00137282 /* UserPreferences.swift in Sources */,
			);
			runOnlyForDeploymentPostprocessing = 0;
		};
/* End PBXSourcesBuildPhase section */

/* Begin PBXVariantGroup section */
		3F6CC6292B08F8D800CD3AD2 /* LaunchScreen.storyboard */ = {
			isa = PBXVariantGroup;
			children = (
				3F6CC62A2B08F8D800CD3AD2 /* Base */,
			);
			name = LaunchScreen.storyboard;
			sourceTree = "<group>";
		};
/* End PBXVariantGroup section */

/* Begin XCBuildConfiguration section */
		3F6CC62D2B08F8D800CD3AD2 /* Debug */ = {
			isa = XCBuildConfiguration;
			buildSettings = {
				ALWAYS_SEARCH_USER_PATHS = NO;
				CLANG_ANALYZER_NONNULL = YES;
				CLANG_ANALYZER_NUMBER_OBJECT_CONVERSION = YES_AGGRESSIVE;
				CLANG_CXX_LANGUAGE_STANDARD = "gnu++20";
				CLANG_ENABLE_MODULES = YES;
				CLANG_ENABLE_OBJC_ARC = YES;
				CLANG_ENABLE_OBJC_WEAK = YES;
				CLANG_WARN_BLOCK_CAPTURE_AUTORELEASING = YES;
				CLANG_WARN_BOOL_CONVERSION = YES;
				CLANG_WARN_COMMA = YES;
				CLANG_WARN_CONSTANT_CONVERSION = YES;
				CLANG_WARN_DEPRECATED_OBJC_IMPLEMENTATIONS = YES;
				CLANG_WARN_DIRECT_OBJC_ISA_USAGE = YES_ERROR;
				CLANG_WARN_DOCUMENTATION_COMMENTS = YES;
				CLANG_WARN_EMPTY_BODY = YES;
				CLANG_WARN_ENUM_CONVERSION = YES;
				CLANG_WARN_INFINITE_RECURSION = YES;
				CLANG_WARN_INT_CONVERSION = YES;
				CLANG_WARN_NON_LITERAL_NULL_CONVERSION = YES;
				CLANG_WARN_OBJC_IMPLICIT_RETAIN_SELF = YES;
				CLANG_WARN_OBJC_LITERAL_CONVERSION = YES;
				CLANG_WARN_OBJC_ROOT_CLASS = YES_ERROR;
				CLANG_WARN_QUOTED_INCLUDE_IN_FRAMEWORK_HEADER = YES;
				CLANG_WARN_RANGE_LOOP_ANALYSIS = YES;
				CLANG_WARN_STRICT_PROTOTYPES = YES;
				CLANG_WARN_SUSPICIOUS_MOVE = YES;
				CLANG_WARN_UNGUARDED_AVAILABILITY = YES_AGGRESSIVE;
				CLANG_WARN_UNREACHABLE_CODE = YES;
				CLANG_WARN__DUPLICATE_METHOD_MATCH = YES;
				COPY_PHASE_STRIP = NO;
				DEBUG_INFORMATION_FORMAT = dwarf;
				ENABLE_STRICT_OBJC_MSGSEND = YES;
				ENABLE_TESTABILITY = YES;
				GCC_C_LANGUAGE_STANDARD = gnu11;
				GCC_DYNAMIC_NO_PIC = NO;
				GCC_NO_COMMON_BLOCKS = YES;
				GCC_OPTIMIZATION_LEVEL = 0;
				GCC_PREPROCESSOR_DEFINITIONS = (
					"DEBUG=1",
					"$(inherited)",
				);
				GCC_WARN_64_TO_32_BIT_CONVERSION = YES;
				GCC_WARN_ABOUT_RETURN_TYPE = YES_ERROR;
				GCC_WARN_UNDECLARED_SELECTOR = YES;
				GCC_WARN_UNINITIALIZED_AUTOS = YES_AGGRESSIVE;
				GCC_WARN_UNUSED_FUNCTION = YES;
				GCC_WARN_UNUSED_VARIABLE = YES;
				IPHONEOS_DEPLOYMENT_TARGET = 16.2;
				MTL_ENABLE_DEBUG_INFO = INCLUDE_SOURCE;
				MTL_FAST_MATH = YES;
				ONLY_ACTIVE_ARCH = YES;
				SDKROOT = iphoneos;
				SWIFT_ACTIVE_COMPILATION_CONDITIONS = DEBUG;
				SWIFT_OPTIMIZATION_LEVEL = "-Onone";
			};
			name = Debug;
		};
		3F6CC62E2B08F8D800CD3AD2 /* Release */ = {
			isa = XCBuildConfiguration;
			buildSettings = {
				ALWAYS_SEARCH_USER_PATHS = NO;
				CLANG_ANALYZER_NONNULL = YES;
				CLANG_ANALYZER_NUMBER_OBJECT_CONVERSION = YES_AGGRESSIVE;
				CLANG_CXX_LANGUAGE_STANDARD = "gnu++20";
				CLANG_ENABLE_MODULES = YES;
				CLANG_ENABLE_OBJC_ARC = YES;
				CLANG_ENABLE_OBJC_WEAK = YES;
				CLANG_WARN_BLOCK_CAPTURE_AUTORELEASING = YES;
				CLANG_WARN_BOOL_CONVERSION = YES;
				CLANG_WARN_COMMA = YES;
				CLANG_WARN_CONSTANT_CONVERSION = YES;
				CLANG_WARN_DEPRECATED_OBJC_IMPLEMENTATIONS = YES;
				CLANG_WARN_DIRECT_OBJC_ISA_USAGE = YES_ERROR;
				CLANG_WARN_DOCUMENTATION_COMMENTS = YES;
				CLANG_WARN_EMPTY_BODY = YES;
				CLANG_WARN_ENUM_CONVERSION = YES;
				CLANG_WARN_INFINITE_RECURSION = YES;
				CLANG_WARN_INT_CONVERSION = YES;
				CLANG_WARN_NON_LITERAL_NULL_CONVERSION = YES;
				CLANG_WARN_OBJC_IMPLICIT_RETAIN_SELF = YES;
				CLANG_WARN_OBJC_LITERAL_CONVERSION = YES;
				CLANG_WARN_OBJC_ROOT_CLASS = YES_ERROR;
				CLANG_WARN_QUOTED_INCLUDE_IN_FRAMEWORK_HEADER = YES;
				CLANG_WARN_RANGE_LOOP_ANALYSIS = YES;
				CLANG_WARN_STRICT_PROTOTYPES = YES;
				CLANG_WARN_SUSPICIOUS_MOVE = YES;
				CLANG_WARN_UNGUARDED_AVAILABILITY = YES_AGGRESSIVE;
				CLANG_WARN_UNREACHABLE_CODE = YES;
				CLANG_WARN__DUPLICATE_METHOD_MATCH = YES;
				COPY_PHASE_STRIP = NO;
				DEBUG_INFORMATION_FORMAT = "dwarf-with-dsym";
				ENABLE_NS_ASSERTIONS = NO;
				ENABLE_STRICT_OBJC_MSGSEND = YES;
				GCC_C_LANGUAGE_STANDARD = gnu11;
				GCC_NO_COMMON_BLOCKS = YES;
				GCC_WARN_64_TO_32_BIT_CONVERSION = YES;
				GCC_WARN_ABOUT_RETURN_TYPE = YES_ERROR;
				GCC_WARN_UNDECLARED_SELECTOR = YES;
				GCC_WARN_UNINITIALIZED_AUTOS = YES_AGGRESSIVE;
				GCC_WARN_UNUSED_FUNCTION = YES;
				GCC_WARN_UNUSED_VARIABLE = YES;
				IPHONEOS_DEPLOYMENT_TARGET = 16.2;
				MTL_ENABLE_DEBUG_INFO = NO;
				MTL_FAST_MATH = YES;
				SDKROOT = iphoneos;
				SWIFT_COMPILATION_MODE = wholemodule;
				SWIFT_OPTIMIZATION_LEVEL = "-O";
				VALIDATE_PRODUCT = YES;
			};
			name = Release;
		};
		3F6CC6302B08F8D800CD3AD2 /* Debug */ = {
			isa = XCBuildConfiguration;
			baseConfigurationReference = D42250FDA423D45D174FC1C3 /* Pods-MyLibrary.debug.xcconfig */;
			buildSettings = {
				ASSETCATALOG_COMPILER_APPICON_NAME = AppIcon;
				ASSETCATALOG_COMPILER_GLOBAL_ACCENT_COLOR_NAME = AccentColor;
				CODE_SIGN_STYLE = Automatic;
				CURRENT_PROJECT_VERSION = 1;
				DEVELOPMENT_TEAM = N6CSQ2SD78;
				GENERATE_INFOPLIST_FILE = YES;
				INFOPLIST_FILE = MyLibrary/Info.plist;
				INFOPLIST_KEY_NSCameraUsageDescription = "We need access to your camera for taking profile pictures";
				INFOPLIST_KEY_NSPhotoLibraryUsageDescription = "We need access to your photo library to select profile pictures";
				INFOPLIST_KEY_UIApplicationSupportsIndirectInputEvents = YES;
				INFOPLIST_KEY_UILaunchStoryboardName = LaunchScreen;
				INFOPLIST_KEY_UISupportedInterfaceOrientations_iPad = "UIInterfaceOrientationPortrait UIInterfaceOrientationPortraitUpsideDown UIInterfaceOrientationLandscapeLeft UIInterfaceOrientationLandscapeRight";
				INFOPLIST_KEY_UISupportedInterfaceOrientations_iPhone = "UIInterfaceOrientationPortrait UIInterfaceOrientationLandscapeLeft UIInterfaceOrientationLandscapeRight";
				LD_RUNPATH_SEARCH_PATHS = (
					"$(inherited)",
					"@executable_path/Frameworks",
				);
				MARKETING_VERSION = 1.0;
				PRODUCT_BUNDLE_IDENTIFIER = "Jennifer-Chukuemeka.MyLibrary";
				PRODUCT_NAME = "$(TARGET_NAME)";
				SWIFT_EMIT_LOC_STRINGS = YES;
				SWIFT_VERSION = 5.0;
				TARGETED_DEVICE_FAMILY = "1,2";
			};
			name = Debug;
		};
		3F6CC6312B08F8D800CD3AD2 /* Release */ = {
			isa = XCBuildConfiguration;
			baseConfigurationReference = CF5DC22822E8E7191446661F /* Pods-MyLibrary.release.xcconfig */;
			buildSettings = {
				ASSETCATALOG_COMPILER_APPICON_NAME = AppIcon;
				ASSETCATALOG_COMPILER_GLOBAL_ACCENT_COLOR_NAME = AccentColor;
				CODE_SIGN_STYLE = Automatic;
				CURRENT_PROJECT_VERSION = 1;
				DEVELOPMENT_TEAM = N6CSQ2SD78;
				GENERATE_INFOPLIST_FILE = YES;
				INFOPLIST_FILE = MyLibrary/Info.plist;
				INFOPLIST_KEY_NSCameraUsageDescription = "We need access to your camera for taking profile pictures";
				INFOPLIST_KEY_NSPhotoLibraryUsageDescription = "We need access to your photo library to select profile pictures";
				INFOPLIST_KEY_UIApplicationSupportsIndirectInputEvents = YES;
				INFOPLIST_KEY_UILaunchStoryboardName = LaunchScreen;
				INFOPLIST_KEY_UISupportedInterfaceOrientations_iPad = "UIInterfaceOrientationPortrait UIInterfaceOrientationPortraitUpsideDown UIInterfaceOrientationLandscapeLeft UIInterfaceOrientationLandscapeRight";
				INFOPLIST_KEY_UISupportedInterfaceOrientations_iPhone = "UIInterfaceOrientationPortrait UIInterfaceOrientationLandscapeLeft UIInterfaceOrientationLandscapeRight";
				LD_RUNPATH_SEARCH_PATHS = (
					"$(inherited)",
					"@executable_path/Frameworks",
				);
				MARKETING_VERSION = 1.0;
				PRODUCT_BUNDLE_IDENTIFIER = "Jennifer-Chukuemeka.MyLibrary";
				PRODUCT_NAME = "$(TARGET_NAME)";
				SWIFT_EMIT_LOC_STRINGS = YES;
				SWIFT_VERSION = 5.0;
				TARGETED_DEVICE_FAMILY = "1,2";
			};
			name = Release;
		};
/* End XCBuildConfiguration section */

/* Begin XCConfigurationList section */
		3F6CC6162B08F8D400CD3AD2 /* Build configuration list for PBXProject "MyLibrary" */ = {
			isa = XCConfigurationList;
			buildConfigurations = (
				3F6CC62D2B08F8D800CD3AD2 /* Debug */,
				3F6CC62E2B08F8D800CD3AD2 /* Release */,
			);
			defaultConfigurationIsVisible = 0;
			defaultConfigurationName = Release;
		};
		3F6CC62F2B08F8D800CD3AD2 /* Build configuration list for PBXNativeTarget "MyLibrary" */ = {
			isa = XCConfigurationList;
			buildConfigurations = (
				3F6CC6302B08F8D800CD3AD2 /* Debug */,
				3F6CC6312B08F8D800CD3AD2 /* Release */,
			);
			defaultConfigurationIsVisible = 0;
			defaultConfigurationName = Release;
		};
/* End XCConfigurationList section */
	};
	rootObject = 3F6CC6132B08F8D400CD3AD2 /* Project object */;
}
